
Microsoft Visual Studio Solution File, Format Version 11.00
# Visual Studio 2010
Project("{8BC9CEB8-8B4A-11D0-8D11-00A0C91BC942}") = "spreadsheet", "spreadsheet\spreadsheet.vcxproj", "{298356FF-7511-4B5F-9477-32E4119A90F3}"
EndProject
Project("{8BC9CEB8-8B4A-11D0-8D11-00A0C91BC942}") = "HexSpinBox", "HexSpinBox\HexSpinBox.vcxproj", "{E04A03FF-5618-402B-89B3-242A31787B92}"
EndProject
Project("{8BC9CEB8-8B4A-11D0-8D11-00A0C91BC942}") = "IconEditor", "IconEditor\IconEditor.vcxproj", "{E4E0D12A-BB20-4174-AA76-5F6D3F54076E}"
EndProject
Project("{8BC9CEB8-8B4A-11D0-8D11-00A0C91BC942}") = "SnakeGame", "SnakeGame\SnakeGame.vcxproj", "{57D20C46-145F-4497-9494-4AC090DC936F}"
EndProject
Project("{8BC9CEB8-8B4A-11D0-8D11-00A0C91BC942}") = "MyPlotter", "MyPlotter\MyPlotter.vcxproj", "{E8E6427A-6A22-4B4D-B620-F7DED83E1A46}"
EndProject
Project("{8BC9CEB8-8B4A-11D0-8D11-00A0C91BC942}") = "Plotter", "Plotter\Plotter.vcxproj", "{7F957EF4-D948-40A5-B2CE-00F98767E823}"
EndProject
Project("{8BC9CEB8-8B4A-11D0-8D11-00A0C91BC942}") = "mailclient", "mailclient\mailclient.vcxproj", "{BD7904B9-F469-410D-941C-7623B57681CA}"
EndProject
Project("{8BC9CEB8-8B4A-11D0-8D11-00A0C91BC942}") = "PreferenceDialog", "PreferenceDialog\PreferenceDialog.vcxproj", "{26DAB616-F665-4A41-92C6-B738DEDB6AE5}"
EndProject
Project("{8BC9CEB8-8B4A-11D0-8D11-00A0C91BC942}") = "mdieditor", "mdieditor\mdieditor.vcxproj", "{D1CB218B-C893-420F-89ED-3E2841C7F5F9}"
EndProject
Project("{8BC9CEB8-8B4A-11D0-8D11-00A0C91BC942}") = "Ticker", "Ticker\Ticker.vcxproj", "{2903798D-AE23-4E0E-9CE6-A23105FBE931}"
EndProject
Project("{8BC9CEB8-8B4A-11D0-8D11-00A0C91BC942}") = "OvenTimer", "OvenTimer\OvenTimer.vcxproj", "{2158B81E-518C-4610-B3EF-99CE5D77D837}"
EndProject
Project("{8BC9CEB8-8B4A-11D0-8D11-00A0C91BC942}") = "Diagram", "Diagram\Diagram.vcxproj", "{1B2D09E8-95D4-408E-AC73-D5A11E4F4464}"
EndProject
Project("{8BC9CEB8-8B4A-11D0-8D11-00A0C91BC942}") = "MyDiagram", "MyDiagram\MyDiagram.vcxproj", "{3EC41651-0165-4830-8B52-E98129750570}"
EndProject
Project("{8BC9CEB8-8B4A-11D0-8D11-00A0C91BC942}") = "Cityscape", "Cityscape\Cityscape.vcxproj", "{9BADA834-31AF-4B39-8784-9AEB61331C83}"
EndProject
Project("{8BC9CEB8-8B4A-11D0-8D11-00A0C91BC942}") = "DragExample", "DragExample\DragExample.vcxproj", "{79369F0A-478B-4A09-96B3-4F60C2B34AD0}"
EndProject
Project("{8BC9CEB8-8B4A-11D0-8D11-00A0C91BC942}") = "ProjectListWidget", "ProjectListWidget\ProjectListWidget.vcxproj", "{789A140F-6CFE-4B72-AA35-7754364F257C}"
EndProject
Project("{8BC9CEB8-8B4A-11D0-8D11-00A0C91BC942}") = "PuzzleGame", "PuzzleGame\PuzzleGame.vcxproj", "{71D64838-1290-47F4-AB8A-280972EE9AD2}"
EndProject
Project("{8BC9CEB8-8B4A-11D0-8D11-00A0C91BC942}") = "FlowChatSymbolPicker", "FlowChatSymbolPicker\FlowChatSymbolPicker.vcxproj", "{2701C1C8-C0D5-49FB-BFD1-B37A8BF6B04A}"
EndProject
Project("{8BC9CEB8-8B4A-11D0-8D11-00A0C91BC942}") = "CoordinateSetter", "CoordinateSetter\CoordinateSetter.vcxproj", "{A2E825A8-533D-4D8B-97B6-DBE07DB929C1}"
EndProject
Project("{8BC9CEB8-8B4A-11D0-8D11-00A0C91BC942}") = "SettingsViewer", "SettingsViewer\SettingsViewer.vcxproj", "{6F4246D4-1F66-48B7-B183-2106D7D2C790}"
EndProject
Project("{8BC9CEB8-8B4A-11D0-8D11-00A0C91BC942}") = "TeamLeaders", "TeamLeaders\TeamLeaders.vcxproj", "{0B3DB4B3-5B2D-4113-AB84-AF7DAD93EC86}"
EndProject
Project("{8BC9CEB8-8B4A-11D0-8D11-00A0C91BC942}") = "DirectoryViewer", "DirectoryViewer\DirectoryViewer.vcxproj", "{524F97DD-B0ED-49A3-B25A-4687F1E2021D}"
EndProject
Project("{8BC9CEB8-8B4A-11D0-8D11-00A0C91BC942}") = "ColorNamesDialog", "ColorNamesDialog\ColorNamesDialog.vcxproj", "{659AA327-DBFC-420E-A1F1-95AA305B844F}"
EndProject
Project("{8BC9CEB8-8B4A-11D0-8D11-00A0C91BC942}") = "CurrencyModel", "CurrencyModel\CurrencyModel.vcxproj", "{4A9CB4AF-A72F-4D82-BC01-6DE6A2C5C335}"
EndProject
Project("{8BC9CEB8-8B4A-11D0-8D11-00A0C91BC942}") = "CityModel", "CityModel\CityModel.vcxproj", "{727B4E14-F6E4-4DAC-AB98-F642DA4E8D39}"
EndProject
Project("{8BC9CEB8-8B4A-11D0-8D11-00A0C91BC942}") = "BooleanParser", "BooleanParser\BooleanParser.vcxproj", "{8274C95A-CFF1-401E-97BA-6896486966D9}"
EndProject
Project("{8BC9CEB8-8B4A-11D0-8D11-00A0C91BC942}") = "TrackEditor", "TrackEditor\TrackEditor.vcxproj", "{49115EB4-162E-4833-8F07-76BFAF7A94B1}"
EndProject
Project("{8BC9CEB8-8B4A-11D0-8D11-00A0C91BC942}") = "ImageSpace", "ImageSpace\ImageSpace.vcxproj", "{0EA26780-392A-402E-966D-C2C551EB7472}"
EndProject
Project("{8BC9CEB8-8B4A-11D0-8D11-00A0C91BC942}") = "ImageConverter", "ImageConverter\ImageConverter.vcxproj", "{F9214E4E-09B9-482A-87C3-5A3D7CAD3B08}"
EndProject
Project("{8BC9CEB8-8B4A-11D0-8D11-00A0C91BC942}") = "EmployeeForm", "EmployeeForm\EmployeeForm.vcxproj", "{A5AA22DF-22E8-494F-AE73-10411687F348}"
EndProject
Project("{8BC9CEB8-8B4A-11D0-8D11-00A0C91BC942}") = "Scooters", "Scooters\Scooters.vcxproj", "{081C3345-150E-44A0-86B4-C75D0D6C518B}"
EndProject
Project("{8BC9CEB8-8B4A-11D0-8D11-00A0C91BC942}") = "ThreadDialog", "ThreadDialog\ThreadDialog.vcxproj", "{5C1C59A7-6111-4C26-9E49-74D937F3F52D}"
EndProject
Project("{8BC9CEB8-8B4A-11D0-8D11-00A0C91BC942}") = "Semaphores", "Semaphores\Semaphores.vcxproj", "{788D9177-5AC0-4CB6-8E08-51560DBF8F6C}"
EndProject
Project("{8BC9CEB8-8B4A-11D0-8D11-00A0C91BC942}") = "WaitConditions", "WaitConditions\WaitConditions.vcxproj", "{59558F84-9F0D-4A98-8562-1E5B32CC2A55}"
EndProject
Project("{8BC9CEB8-8B4A-11D0-8D11-00A0C91BC942}") = "ImagePro", "ImagePro\ImagePro.vcxproj", "{57C6FF77-611B-4FDD-88B0-589B36139890}"
EndProject
Project("{8BC9CEB8-8B4A-11D0-8D11-00A0C91BC942}") = "FTPGet", "FTPGet\FTPGet.vcxproj", "{A615666C-5C7E-4FDE-B0C7-4B2DE84871FF}"
EndProject
Project("{8BC9CEB8-8B4A-11D0-8D11-00A0C91BC942}") = "Spider", "Spider\Spider.vcxproj", "{C7FAE077-7941-407E-817D-B0DD19ED326E}"
EndProject
Project("{8BC9CEB8-8B4A-11D0-8D11-00A0C91BC942}") = "TinyFTP", "TinyFTP\TinyFTP.vcxproj", "{8EA699EF-6383-4915-AAFD-1F7A0E33F79F}"
EndProject
Project("{8BC9CEB8-8B4A-11D0-8D11-00A0C91BC942}") = "qftp", "qftp\qftp.vcxproj", "{4AB5108C-7ED2-486C-9E9A-F8251608877C}"
EndProject
Project("{8BC9CEB8-8B4A-11D0-8D11-00A0C91BC942}") = "HttpGet", "HttpGet\HttpGet.vcxproj", "{F8F04D1B-AC4F-4CA8-99A2-C5D003D464B8}"
EndProject
Project("{8BC9CEB8-8B4A-11D0-8D11-00A0C91BC942}") = "Tripplanner", "Tripplanner\Tripplanner.vcxproj", "{36226D1F-13F4-44BD-88BB-30D337CAFE66}"
EndProject
Project("{8BC9CEB8-8B4A-11D0-8D11-00A0C91BC942}") = "XmlStreamReader", "XmlStreamReader\XmlStreamReader.vcxproj", "{6FC9F290-AF11-4D79-B460-FFB04BE9777A}"
EndProject
Global
	GlobalSection(SolutionConfigurationPlatforms) = preSolution
		Debug|Win32 = Debug|Win32
		Release|Win32 = Release|Win32
	EndGlobalSection
	GlobalSection(ProjectConfigurationPlatforms) = postSolution
		{298356FF-7511-4B5F-9477-32E4119A90F3}.Debug|Win32.ActiveCfg = Debug|Win32
		{298356FF-7511-4B5F-9477-32E4119A90F3}.Debug|Win32.Build.0 = Debug|Win32
		{298356FF-7511-4B5F-9477-32E4119A90F3}.Release|Win32.ActiveCfg = Release|Win32
		{298356FF-7511-4B5F-9477-32E4119A90F3}.Release|Win32.Build.0 = Release|Win32
		{E04A03FF-5618-402B-89B3-242A31787B92}.Debug|Win32.ActiveCfg = Debug|Win32
		{E04A03FF-5618-402B-89B3-242A31787B92}.Debug|Win32.Build.0 = Debug|Win32
		{E04A03FF-5618-402B-89B3-242A31787B92}.Release|Win32.ActiveCfg = Release|Win32
		{E04A03FF-5618-402B-89B3-242A31787B92}.Release|Win32.Build.0 = Release|Win32
		{E4E0D12A-BB20-4174-AA76-5F6D3F54076E}.Debug|Win32.ActiveCfg = Debug|Win32
		{E4E0D12A-BB20-4174-AA76-5F6D3F54076E}.Debug|Win32.Build.0 = Debug|Win32
		{E4E0D12A-BB20-4174-AA76-5F6D3F54076E}.Release|Win32.ActiveCfg = Release|Win32
		{E4E0D12A-BB20-4174-AA76-5F6D3F54076E}.Release|Win32.Build.0 = Release|Win32
		{57D20C46-145F-4497-9494-4AC090DC936F}.Debug|Win32.ActiveCfg = Debug|Win32
		{57D20C46-145F-4497-9494-4AC090DC936F}.Debug|Win32.Build.0 = Debug|Win32
		{57D20C46-145F-4497-9494-4AC090DC936F}.Release|Win32.ActiveCfg = Release|Win32
		{57D20C46-145F-4497-9494-4AC090DC936F}.Release|Win32.Build.0 = Release|Win32
		{E8E6427A-6A22-4B4D-B620-F7DED83E1A46}.Debug|Win32.ActiveCfg = Debug|Win32
		{E8E6427A-6A22-4B4D-B620-F7DED83E1A46}.Debug|Win32.Build.0 = Debug|Win32
		{E8E6427A-6A22-4B4D-B620-F7DED83E1A46}.Release|Win32.ActiveCfg = Release|Win32
		{E8E6427A-6A22-4B4D-B620-F7DED83E1A46}.Release|Win32.Build.0 = Release|Win32
		{7F957EF4-D948-40A5-B2CE-00F98767E823}.Debug|Win32.ActiveCfg = Debug|Win32
		{7F957EF4-D948-40A5-B2CE-00F98767E823}.Debug|Win32.Build.0 = Debug|Win32
		{7F957EF4-D948-40A5-B2CE-00F98767E823}.Release|Win32.ActiveCfg = Release|Win32
		{7F957EF4-D948-40A5-B2CE-00F98767E823}.Release|Win32.Build.0 = Release|Win32
		{BD7904B9-F469-410D-941C-7623B57681CA}.Debug|Win32.ActiveCfg = Debug|Win32
		{BD7904B9-F469-410D-941C-7623B57681CA}.Debug|Win32.Build.0 = Debug|Win32
		{BD7904B9-F469-410D-941C-7623B57681CA}.Release|Win32.ActiveCfg = Release|Win32
		{BD7904B9-F469-410D-941C-7623B57681CA}.Release|Win32.Build.0 = Release|Win32
		{26DAB616-F665-4A41-92C6-B738DEDB6AE5}.Debug|Win32.ActiveCfg = Debug|Win32
		{26DAB616-F665-4A41-92C6-B738DEDB6AE5}.Debug|Win32.Build.0 = Debug|Win32
		{26DAB616-F665-4A41-92C6-B738DEDB6AE5}.Release|Win32.ActiveCfg = Release|Win32
		{26DAB616-F665-4A41-92C6-B738DEDB6AE5}.Release|Win32.Build.0 = Release|Win32
		{D1CB218B-C893-420F-89ED-3E2841C7F5F9}.Debug|Win32.ActiveCfg = Debug|Win32
		{D1CB218B-C893-420F-89ED-3E2841C7F5F9}.Debug|Win32.Build.0 = Debug|Win32
		{D1CB218B-C893-420F-89ED-3E2841C7F5F9}.Release|Win32.ActiveCfg = Release|Win32
		{D1CB218B-C893-420F-89ED-3E2841C7F5F9}.Release|Win32.Build.0 = Release|Win32
		{2903798D-AE23-4E0E-9CE6-A23105FBE931}.Debug|Win32.ActiveCfg = Debug|Win32
		{2903798D-AE23-4E0E-9CE6-A23105FBE931}.Debug|Win32.Build.0 = Debug|Win32
		{2903798D-AE23-4E0E-9CE6-A23105FBE931}.Release|Win32.ActiveCfg = Release|Win32
		{2903798D-AE23-4E0E-9CE6-A23105FBE931}.Release|Win32.Build.0 = Release|Win32
		{2158B81E-518C-4610-B3EF-99CE5D77D837}.Debug|Win32.ActiveCfg = Debug|Win32
		{2158B81E-518C-4610-B3EF-99CE5D77D837}.Debug|Win32.Build.0 = Debug|Win32
		{2158B81E-518C-4610-B3EF-99CE5D77D837}.Release|Win32.ActiveCfg = Release|Win32
		{2158B81E-518C-4610-B3EF-99CE5D77D837}.Release|Win32.Build.0 = Release|Win32
		{1B2D09E8-95D4-408E-AC73-D5A11E4F4464}.Debug|Win32.ActiveCfg = Debug|Win32
		{1B2D09E8-95D4-408E-AC73-D5A11E4F4464}.Debug|Win32.Build.0 = Debug|Win32
		{1B2D09E8-95D4-408E-AC73-D5A11E4F4464}.Release|Win32.ActiveCfg = Release|Win32
		{1B2D09E8-95D4-408E-AC73-D5A11E4F4464}.Release|Win32.Build.0 = Release|Win32
		{3EC41651-0165-4830-8B52-E98129750570}.Debug|Win32.ActiveCfg = Debug|Win32
		{3EC41651-0165-4830-8B52-E98129750570}.Debug|Win32.Build.0 = Debug|Win32
		{3EC41651-0165-4830-8B52-E98129750570}.Release|Win32.ActiveCfg = Release|Win32
		{3EC41651-0165-4830-8B52-E98129750570}.Release|Win32.Build.0 = Release|Win32
		{9BADA834-31AF-4B39-8784-9AEB61331C83}.Debug|Win32.ActiveCfg = Debug|Win32
		{9BADA834-31AF-4B39-8784-9AEB61331C83}.Debug|Win32.Build.0 = Debug|Win32
		{9BADA834-31AF-4B39-8784-9AEB61331C83}.Release|Win32.ActiveCfg = Release|Win32
		{9BADA834-31AF-4B39-8784-9AEB61331C83}.Release|Win32.Build.0 = Release|Win32
		{79369F0A-478B-4A09-96B3-4F60C2B34AD0}.Debug|Win32.ActiveCfg = Debug|Win32
		{79369F0A-478B-4A09-96B3-4F60C2B34AD0}.Debug|Win32.Build.0 = Debug|Win32
		{79369F0A-478B-4A09-96B3-4F60C2B34AD0}.Release|Win32.ActiveCfg = Release|Win32
		{79369F0A-478B-4A09-96B3-4F60C2B34AD0}.Release|Win32.Build.0 = Release|Win32
		{789A140F-6CFE-4B72-AA35-7754364F257C}.Debug|Win32.ActiveCfg = Debug|Win32
		{789A140F-6CFE-4B72-AA35-7754364F257C}.Debug|Win32.Build.0 = Debug|Win32
		{789A140F-6CFE-4B72-AA35-7754364F257C}.Release|Win32.ActiveCfg = Release|Win32
		{789A140F-6CFE-4B72-AA35-7754364F257C}.Release|Win32.Build.0 = Release|Win32
		{71D64838-1290-47F4-AB8A-280972EE9AD2}.Debug|Win32.ActiveCfg = Debug|Win32
		{71D64838-1290-47F4-AB8A-280972EE9AD2}.Debug|Win32.Build.0 = Debug|Win32
		{71D64838-1290-47F4-AB8A-280972EE9AD2}.Release|Win32.ActiveCfg = Release|Win32
		{71D64838-1290-47F4-AB8A-280972EE9AD2}.Release|Win32.Build.0 = Release|Win32
		{2701C1C8-C0D5-49FB-BFD1-B37A8BF6B04A}.Debug|Win32.ActiveCfg = Debug|Win32
		{2701C1C8-C0D5-49FB-BFD1-B37A8BF6B04A}.Debug|Win32.Build.0 = Debug|Win32
		{2701C1C8-C0D5-49FB-BFD1-B37A8BF6B04A}.Release|Win32.ActiveCfg = Release|Win32
		{2701C1C8-C0D5-49FB-BFD1-B37A8BF6B04A}.Release|Win32.Build.0 = Release|Win32
		{A2E825A8-533D-4D8B-97B6-DBE07DB929C1}.Debug|Win32.ActiveCfg = Debug|Win32
		{A2E825A8-533D-4D8B-97B6-DBE07DB929C1}.Debug|Win32.Build.0 = Debug|Win32
		{A2E825A8-533D-4D8B-97B6-DBE07DB929C1}.Release|Win32.ActiveCfg = Release|Win32
		{A2E825A8-533D-4D8B-97B6-DBE07DB929C1}.Release|Win32.Build.0 = Release|Win32
		{6F4246D4-1F66-48B7-B183-2106D7D2C790}.Debug|Win32.ActiveCfg = Debug|Win32
		{6F4246D4-1F66-48B7-B183-2106D7D2C790}.Debug|Win32.Build.0 = Debug|Win32
		{6F4246D4-1F66-48B7-B183-2106D7D2C790}.Release|Win32.ActiveCfg = Release|Win32
		{6F4246D4-1F66-48B7-B183-2106D7D2C790}.Release|Win32.Build.0 = Release|Win32
		{0B3DB4B3-5B2D-4113-AB84-AF7DAD93EC86}.Debug|Win32.ActiveCfg = Debug|Win32
		{0B3DB4B3-5B2D-4113-AB84-AF7DAD93EC86}.Debug|Win32.Build.0 = Debug|Win32
		{0B3DB4B3-5B2D-4113-AB84-AF7DAD93EC86}.Release|Win32.ActiveCfg = Release|Win32
		{0B3DB4B3-5B2D-4113-AB84-AF7DAD93EC86}.Release|Win32.Build.0 = Release|Win32
		{524F97DD-B0ED-49A3-B25A-4687F1E2021D}.Debug|Win32.ActiveCfg = Debug|Win32
		{524F97DD-B0ED-49A3-B25A-4687F1E2021D}.Debug|Win32.Build.0 = Debug|Win32
		{524F97DD-B0ED-49A3-B25A-4687F1E2021D}.Release|Win32.ActiveCfg = Release|Win32
		{524F97DD-B0ED-49A3-B25A-4687F1E2021D}.Release|Win32.Build.0 = Release|Win32
		{659AA327-DBFC-420E-A1F1-95AA305B844F}.Debug|Win32.ActiveCfg = Debug|Win32
		{659AA327-DBFC-420E-A1F1-95AA305B844F}.Debug|Win32.Build.0 = Debug|Win32
		{659AA327-DBFC-420E-A1F1-95AA305B844F}.Release|Win32.ActiveCfg = Release|Win32
		{659AA327-DBFC-420E-A1F1-95AA305B844F}.Release|Win32.Build.0 = Release|Win32
		{4A9CB4AF-A72F-4D82-BC01-6DE6A2C5C335}.Debug|Win32.ActiveCfg = Debug|Win32
		{4A9CB4AF-A72F-4D82-BC01-6DE6A2C5C335}.Debug|Win32.Build.0 = Debug|Win32
		{4A9CB4AF-A72F-4D82-BC01-6DE6A2C5C335}.Release|Win32.ActiveCfg = Release|Win32
		{4A9CB4AF-A72F-4D82-BC01-6DE6A2C5C335}.Release|Win32.Build.0 = Release|Win32
		{727B4E14-F6E4-4DAC-AB98-F642DA4E8D39}.Debug|Win32.ActiveCfg = Debug|Win32
		{727B4E14-F6E4-4DAC-AB98-F642DA4E8D39}.Debug|Win32.Build.0 = Debug|Win32
		{727B4E14-F6E4-4DAC-AB98-F642DA4E8D39}.Release|Win32.ActiveCfg = Release|Win32
		{727B4E14-F6E4-4DAC-AB98-F642DA4E8D39}.Release|Win32.Build.0 = Release|Win32
		{8274C95A-CFF1-401E-97BA-6896486966D9}.Debug|Win32.ActiveCfg = Debug|Win32
		{8274C95A-CFF1-401E-97BA-6896486966D9}.Debug|Win32.Build.0 = Debug|Win32
		{8274C95A-CFF1-401E-97BA-6896486966D9}.Release|Win32.ActiveCfg = Release|Win32
		{8274C95A-CFF1-401E-97BA-6896486966D9}.Release|Win32.Build.0 = Release|Win32
		{49115EB4-162E-4833-8F07-76BFAF7A94B1}.Debug|Win32.ActiveCfg = Debug|Win32
		{49115EB4-162E-4833-8F07-76BFAF7A94B1}.Debug|Win32.Build.0 = Debug|Win32
		{49115EB4-162E-4833-8F07-76BFAF7A94B1}.Release|Win32.ActiveCfg = Release|Win32
		{49115EB4-162E-4833-8F07-76BFAF7A94B1}.Release|Win32.Build.0 = Release|Win32
		{0EA26780-392A-402E-966D-C2C551EB7472}.Debug|Win32.ActiveCfg = Debug|Win32
		{0EA26780-392A-402E-966D-C2C551EB7472}.Debug|Win32.Build.0 = Debug|Win32
		{0EA26780-392A-402E-966D-C2C551EB7472}.Release|Win32.ActiveCfg = Release|Win32
		{0EA26780-392A-402E-966D-C2C551EB7472}.Release|Win32.Build.0 = Release|Win32
		{F9214E4E-09B9-482A-87C3-5A3D7CAD3B08}.Debug|Win32.ActiveCfg = Debug|Win32
		{F9214E4E-09B9-482A-87C3-5A3D7CAD3B08}.Debug|Win32.Build.0 = Debug|Win32
		{F9214E4E-09B9-482A-87C3-5A3D7CAD3B08}.Release|Win32.ActiveCfg = Release|Win32
		{F9214E4E-09B9-482A-87C3-5A3D7CAD3B08}.Release|Win32.Build.0 = Release|Win32
		{A5AA22DF-22E8-494F-AE73-10411687F348}.Debug|Win32.ActiveCfg = Debug|Win32
		{A5AA22DF-22E8-494F-AE73-10411687F348}.Debug|Win32.Build.0 = Debug|Win32
		{A5AA22DF-22E8-494F-AE73-10411687F348}.Release|Win32.ActiveCfg = Release|Win32
		{A5AA22DF-22E8-494F-AE73-10411687F348}.Release|Win32.Build.0 = Release|Win32
		{081C3345-150E-44A0-86B4-C75D0D6C518B}.Debug|Win32.ActiveCfg = Debug|Win32
		{081C3345-150E-44A0-86B4-C75D0D6C518B}.Debug|Win32.Build.0 = Debug|Win32
		{081C3345-150E-44A0-86B4-C75D0D6C518B}.Release|Win32.ActiveCfg = Release|Win32
		{081C3345-150E-44A0-86B4-C75D0D6C518B}.Release|Win32.Build.0 = Release|Win32
		{5C1C59A7-6111-4C26-9E49-74D937F3F52D}.Debug|Win32.ActiveCfg = Debug|Win32
		{5C1C59A7-6111-4C26-9E49-74D937F3F52D}.Debug|Win32.Build.0 = Debug|Win32
		{5C1C59A7-6111-4C26-9E49-74D937F3F52D}.Release|Win32.ActiveCfg = Release|Win32
		{5C1C59A7-6111-4C26-9E49-74D937F3F52D}.Release|Win32.Build.0 = Release|Win32
		{788D9177-5AC0-4CB6-8E08-51560DBF8F6C}.Debug|Win32.ActiveCfg = Debug|Win32
		{788D9177-5AC0-4CB6-8E08-51560DBF8F6C}.Debug|Win32.Build.0 = Debug|Win32
		{788D9177-5AC0-4CB6-8E08-51560DBF8F6C}.Release|Win32.ActiveCfg = Release|Win32
		{788D9177-5AC0-4CB6-8E08-51560DBF8F6C}.Release|Win32.Build.0 = Release|Win32
		{59558F84-9F0D-4A98-8562-1E5B32CC2A55}.Debug|Win32.ActiveCfg = Debug|Win32
		{59558F84-9F0D-4A98-8562-1E5B32CC2A55}.Debug|Win32.Build.0 = Debug|Win32
		{59558F84-9F0D-4A98-8562-1E5B32CC2A55}.Release|Win32.ActiveCfg = Release|Win32
		{59558F84-9F0D-4A98-8562-1E5B32CC2A55}.Release|Win32.Build.0 = Release|Win32
		{57C6FF77-611B-4FDD-88B0-589B36139890}.Debug|Win32.ActiveCfg = Debug|Win32
		{57C6FF77-611B-4FDD-88B0-589B36139890}.Debug|Win32.Build.0 = Debug|Win32
		{57C6FF77-611B-4FDD-88B0-589B36139890}.Release|Win32.ActiveCfg = Release|Win32
		{57C6FF77-611B-4FDD-88B0-589B36139890}.Release|Win32.Build.0 = Release|Win32
		{A615666C-5C7E-4FDE-B0C7-4B2DE84871FF}.Debug|Win32.ActiveCfg = Debug|Win32
		{A615666C-5C7E-4FDE-B0C7-4B2DE84871FF}.Debug|Win32.Build.0 = Debug|Win32
		{A615666C-5C7E-4FDE-B0C7-4B2DE84871FF}.Release|Win32.ActiveCfg = Release|Win32
		{A615666C-5C7E-4FDE-B0C7-4B2DE84871FF}.Release|Win32.Build.0 = Release|Win32
		{C7FAE077-7941-407E-817D-B0DD19ED326E}.Debug|Win32.ActiveCfg = Debug|Win32
		{C7FAE077-7941-407E-817D-B0DD19ED326E}.Debug|Win32.Build.0 = Debug|Win32
		{C7FAE077-7941-407E-817D-B0DD19ED326E}.Release|Win32.ActiveCfg = Release|Win32
		{C7FAE077-7941-407E-817D-B0DD19ED326E}.Release|Win32.Build.0 = Release|Win32
		{8EA699EF-6383-4915-AAFD-1F7A0E33F79F}.Debug|Win32.ActiveCfg = Debug|Win32
		{8EA699EF-6383-4915-AAFD-1F7A0E33F79F}.Debug|Win32.Build.0 = Debug|Win32
		{8EA699EF-6383-4915-AAFD-1F7A0E33F79F}.Release|Win32.ActiveCfg = Release|Win32
		{8EA699EF-6383-4915-AAFD-1F7A0E33F79F}.Release|Win32.Build.0 = Release|Win32
		{4AB5108C-7ED2-486C-9E9A-F8251608877C}.Debug|Win32.ActiveCfg = Debug|Win32
		{4AB5108C-7ED2-486C-9E9A-F8251608877C}.Debug|Win32.Build.0 = Debug|Win32
		{4AB5108C-7ED2-486C-9E9A-F8251608877C}.Release|Win32.ActiveCfg = Release|Win32
		{4AB5108C-7ED2-486C-9E9A-F8251608877C}.Release|Win32.Build.0 = Release|Win32
		{F8F04D1B-AC4F-4CA8-99A2-C5D003D464B8}.Debug|Win32.ActiveCfg = Debug|Win32
		{F8F04D1B-AC4F-4CA8-99A2-C5D003D464B8}.Debug|Win32.Build.0 = Debug|Win32
		{F8F04D1B-AC4F-4CA8-99A2-C5D003D464B8}.Release|Win32.ActiveCfg = Release|Win32
		{F8F04D1B-AC4F-4CA8-99A2-C5D003D464B8}.Release|Win32.Build.0 = Release|Win32
		{36226D1F-13F4-44BD-88BB-30D337CAFE66}.Debug|Win32.ActiveCfg = Debug|Win32
		{36226D1F-13F4-44BD-88BB-30D337CAFE66}.Debug|Win32.Build.0 = Debug|Win32
		{36226D1F-13F4-44BD-88BB-30D337CAFE66}.Release|Win32.ActiveCfg = Release|Win32
		{36226D1F-13F4-44BD-88BB-30D337CAFE66}.Release|Win32.Build.0 = Release|Win32
		{6FC9F290-AF11-4D79-B460-FFB04BE9777A}.Debug|Win32.ActiveCfg = Debug|Win32
		{6FC9F290-AF11-4D79-B460-FFB04BE9777A}.Debug|Win32.Build.0 = Debug|Win32
		{6FC9F290-AF11-4D79-B460-FFB04BE9777A}.Release|Win32.ActiveCfg = Release|Win32
		{6FC9F290-AF11-4D79-B460-FFB04BE9777A}.Release|Win32.Build.0 = Release|Win32
	EndGlobalSection
	GlobalSection(SolutionProperties) = preSolution
		HideSolutionNode = FALSE
	EndGlobalSection
EndGlobal
