
Microsoft Visual Studio Solution File, Format Version 11.00
# Visual Studio 2010
Project("{8BC9CEB8-8B4A-11D0-8D11-00A0C91BC942}") = "spreadsheet", "spreadsheet\spreadsheet.vcxproj", "{298356FF-7511-4B5F-9477-32E4119A90F3}"
EndProject
Project("{8BC9CEB8-8B4A-11D0-8D11-00A0C91BC942}") = "HexSpinBox", "HexSpinBox\HexSpinBox.vcxproj", "{E04A03FF-5618-402B-89B3-242A31787B92}"
EndProject
Project("{8BC9CEB8-8B4A-11D0-8D11-00A0C91BC942}") = "IconEditor", "IconEditor\IconEditor.vcxproj", "{E4E0D12A-BB20-4174-AA76-5F6D3F54076E}"
EndProject
Project("{8BC9CEB8-8B4A-11D0-8D11-00A0C91BC942}") = "SnakeGame", "SnakeGame\SnakeGame.vcxproj", "{57D20C46-145F-4497-9494-4AC090DC936F}"
EndProject
Project("{8BC9CEB8-8B4A-11D0-8D11-00A0C91BC942}") = "MyPlotter", "MyPlotter\MyPlotter.vcxproj", "{E8E6427A-6A22-4B4D-B620-F7DED83E1A46}"
EndProject
Project("{8BC9CEB8-8B4A-11D0-8D11-00A0C91BC942}") = "Plotter", "Plotter\Plotter.vcxproj", "{7F957EF4-D948-40A5-B2CE-00F98767E823}"
EndProject
Project("{8BC9CEB8-8B4A-11D0-8D11-00A0C91BC942}") = "mailclient", "mailclient\mailclient.vcxproj", "{BD7904B9-F469-410D-941C-7623B57681CA}"
EndProject
Project("{8BC9CEB8-8B4A-11D0-8D11-00A0C91BC942}") = "PreferenceDialog", "PreferenceDialog\PreferenceDialog.vcxproj", "{26DAB616-F665-4A41-92C6-B738DEDB6AE5}"
EndProject
Project("{8BC9CEB8-8B4A-11D0-8D11-00A0C91BC942}") = "mdieditor", "mdieditor\mdieditor.vcxproj", "{D1CB218B-C893-420F-89ED-3E2841C7F5F9}"
EndProject
Project("{8BC9CEB8-8B4A-11D0-8D11-00A0C91BC942}") = "Ticker", "Ticker\Ticker.vcxproj", "{2903798D-AE23-4E0E-9CE6-A23105FBE931}"
EndProject
Project("{8BC9CEB8-8B4A-11D0-8D11-00A0C91BC942}") = "OvenTimer", "OvenTimer\OvenTimer.vcxproj", "{2158B81E-518C-4610-B3EF-99CE5D77D837}"
EndProject
Project("{8BC9CEB8-8B4A-11D0-8D11-00A0C91BC942}") = "Diagram", "Diagram\Diagram.vcxproj", "{1B2D09E8-95D4-408E-AC73-D5A11E4F4464}"
EndProject
Project("{8BC9CEB8-8B4A-11D0-8D11-00A0C91BC942}") = "MyDiagram", "MyDiagram\MyDiagram.vcxproj", "{3EC41651-0165-4830-8B52-E98129750570}"
EndProject
Project("{8BC9CEB8-8B4A-11D0-8D11-00A0C91BC942}") = "Cityscape", "Cityscape\Cityscape.vcxproj", "{9BADA834-31AF-4B39-8784-9AEB61331C83}"
EndProject
Project("{8BC9CEB8-8B4A-11D0-8D11-00A0C91BC942}") = "DragExample", "DragExample\DragExample.vcxproj", "{79369F0A-478B-4A09-96B3-4F60C2B34AD0}"
EndProject
Project("{8BC9CEB8-8B4A-11D0-8D11-00A0C91BC942}") = "ProjectListWidget", "ProjectListWidget\ProjectListWidget.vcxproj", "{789A140F-6CFE-4B72-AA35-7754364F257C}"
EndProject
Global
	GlobalSection(SolutionConfigurationPlatforms) = preSolution
		Debug|Win32 = Debug|Win32
		Release|Win32 = Release|Win32
	EndGlobalSection
	GlobalSection(ProjectConfigurationPlatforms) = postSolution
		{298356FF-7511-4B5F-9477-32E4119A90F3}.Debug|Win32.ActiveCfg = Debug|Win32
		{298356FF-7511-4B5F-9477-32E4119A90F3}.Debug|Win32.Build.0 = Debug|Win32
		{298356FF-7511-4B5F-9477-32E4119A90F3}.Release|Win32.ActiveCfg = Release|Win32
		{298356FF-7511-4B5F-9477-32E4119A90F3}.Release|Win32.Build.0 = Release|Win32
		{E04A03FF-5618-402B-89B3-242A31787B92}.Debug|Win32.ActiveCfg = Debug|Win32
		{E04A03FF-5618-402B-89B3-242A31787B92}.Debug|Win32.Build.0 = Debug|Win32
		{E04A03FF-5618-402B-89B3-242A31787B92}.Release|Win32.ActiveCfg = Release|Win32
		{E04A03FF-5618-402B-89B3-242A31787B92}.Release|Win32.Build.0 = Release|Win32
		{E4E0D12A-BB20-4174-AA76-5F6D3F54076E}.Debug|Win32.ActiveCfg = Debug|Win32
		{E4E0D12A-BB20-4174-AA76-5F6D3F54076E}.Debug|Win32.Build.0 = Debug|Win32
		{E4E0D12A-BB20-4174-AA76-5F6D3F54076E}.Release|Win32.ActiveCfg = Release|Win32
		{E4E0D12A-BB20-4174-AA76-5F6D3F54076E}.Release|Win32.Build.0 = Release|Win32
		{57D20C46-145F-4497-9494-4AC090DC936F}.Debug|Win32.ActiveCfg = Debug|Win32
		{57D20C46-145F-4497-9494-4AC090DC936F}.Debug|Win32.Build.0 = Debug|Win32
		{57D20C46-145F-4497-9494-4AC090DC936F}.Release|Win32.ActiveCfg = Release|Win32
		{57D20C46-145F-4497-9494-4AC090DC936F}.Release|Win32.Build.0 = Release|Win32
		{E8E6427A-6A22-4B4D-B620-F7DED83E1A46}.Debug|Win32.ActiveCfg = Debug|Win32
		{E8E6427A-6A22-4B4D-B620-F7DED83E1A46}.Debug|Win32.Build.0 = Debug|Win32
		{E8E6427A-6A22-4B4D-B620-F7DED83E1A46}.Release|Win32.ActiveCfg = Release|Win32
		{E8E6427A-6A22-4B4D-B620-F7DED83E1A46}.Release|Win32.Build.0 = Release|Win32
		{7F957EF4-D948-40A5-B2CE-00F98767E823}.Debug|Win32.ActiveCfg = Debug|Win32
		{7F957EF4-D948-40A5-B2CE-00F98767E823}.Debug|Win32.Build.0 = Debug|Win32
		{7F957EF4-D948-40A5-B2CE-00F98767E823}.Release|Win32.ActiveCfg = Release|Win32
		{7F957EF4-D948-40A5-B2CE-00F98767E823}.Release|Win32.Build.0 = Release|Win32
		{BD7904B9-F469-410D-941C-7623B57681CA}.Debug|Win32.ActiveCfg = Debug|Win32
		{BD7904B9-F469-410D-941C-7623B57681CA}.Debug|Win32.Build.0 = Debug|Win32
		{BD7904B9-F469-410D-941C-7623B57681CA}.Release|Win32.ActiveCfg = Release|Win32
		{BD7904B9-F469-410D-941C-7623B57681CA}.Release|Win32.Build.0 = Release|Win32
		{26DAB616-F665-4A41-92C6-B738DEDB6AE5}.Debug|Win32.ActiveCfg = Debug|Win32
		{26DAB616-F665-4A41-92C6-B738DEDB6AE5}.Debug|Win32.Build.0 = Debug|Win32
		{26DAB616-F665-4A41-92C6-B738DEDB6AE5}.Release|Win32.ActiveCfg = Release|Win32
		{26DAB616-F665-4A41-92C6-B738DEDB6AE5}.Release|Win32.Build.0 = Release|Win32
		{D1CB218B-C893-420F-89ED-3E2841C7F5F9}.Debug|Win32.ActiveCfg = Debug|Win32
		{D1CB218B-C893-420F-89ED-3E2841C7F5F9}.Debug|Win32.Build.0 = Debug|Win32
		{D1CB218B-C893-420F-89ED-3E2841C7F5F9}.Release|Win32.ActiveCfg = Release|Win32
		{D1CB218B-C893-420F-89ED-3E2841C7F5F9}.Release|Win32.Build.0 = Release|Win32
		{2903798D-AE23-4E0E-9CE6-A23105FBE931}.Debug|Win32.ActiveCfg = Debug|Win32
		{2903798D-AE23-4E0E-9CE6-A23105FBE931}.Debug|Win32.Build.0 = Debug|Win32
		{2903798D-AE23-4E0E-9CE6-A23105FBE931}.Release|Win32.ActiveCfg = Release|Win32
		{2903798D-AE23-4E0E-9CE6-A23105FBE931}.Release|Win32.Build.0 = Release|Win32
		{2158B81E-518C-4610-B3EF-99CE5D77D837}.Debug|Win32.ActiveCfg = Debug|Win32
		{2158B81E-518C-4610-B3EF-99CE5D77D837}.Debug|Win32.Build.0 = Debug|Win32
		{2158B81E-518C-4610-B3EF-99CE5D77D837}.Release|Win32.ActiveCfg = Release|Win32
		{2158B81E-518C-4610-B3EF-99CE5D77D837}.Release|Win32.Build.0 = Release|Win32
		{1B2D09E8-95D4-408E-AC73-D5A11E4F4464}.Debug|Win32.ActiveCfg = Debug|Win32
		{1B2D09E8-95D4-408E-AC73-D5A11E4F4464}.Debug|Win32.Build.0 = Debug|Win32
		{1B2D09E8-95D4-408E-AC73-D5A11E4F4464}.Release|Win32.ActiveCfg = Release|Win32
		{1B2D09E8-95D4-408E-AC73-D5A11E4F4464}.Release|Win32.Build.0 = Release|Win32
		{3EC41651-0165-4830-8B52-E98129750570}.Debug|Win32.ActiveCfg = Debug|Win32
		{3EC41651-0165-4830-8B52-E98129750570}.Debug|Win32.Build.0 = Debug|Win32
		{3EC41651-0165-4830-8B52-E98129750570}.Release|Win32.ActiveCfg = Release|Win32
		{3EC41651-0165-4830-8B52-E98129750570}.Release|Win32.Build.0 = Release|Win32
		{9BADA834-31AF-4B39-8784-9AEB61331C83}.Debug|Win32.ActiveCfg = Debug|Win32
		{9BADA834-31AF-4B39-8784-9AEB61331C83}.Debug|Win32.Build.0 = Debug|Win32
		{9BADA834-31AF-4B39-8784-9AEB61331C83}.Release|Win32.ActiveCfg = Release|Win32
		{9BADA834-31AF-4B39-8784-9AEB61331C83}.Release|Win32.Build.0 = Release|Win32
		{79369F0A-478B-4A09-96B3-4F60C2B34AD0}.Debug|Win32.ActiveCfg = Debug|Win32
		{79369F0A-478B-4A09-96B3-4F60C2B34AD0}.Debug|Win32.Build.0 = Debug|Win32
		{79369F0A-478B-4A09-96B3-4F60C2B34AD0}.Release|Win32.ActiveCfg = Release|Win32
		{79369F0A-478B-4A09-96B3-4F60C2B34AD0}.Release|Win32.Build.0 = Release|Win32
		{789A140F-6CFE-4B72-AA35-7754364F257C}.Debug|Win32.ActiveCfg = Debug|Win32
		{789A140F-6CFE-4B72-AA35-7754364F257C}.Debug|Win32.Build.0 = Debug|Win32
		{789A140F-6CFE-4B72-AA35-7754364F257C}.Release|Win32.ActiveCfg = Release|Win32
		{789A140F-6CFE-4B72-AA35-7754364F257C}.Release|Win32.Build.0 = Release|Win32
	EndGlobalSection
	GlobalSection(SolutionProperties) = preSolution
		HideSolutionNode = FALSE
	EndGlobalSection
EndGlobal
