<?xml version="1.0" encoding="utf-8"?>
<Project ToolsVersion="4.0" xmlns="http://schemas.microsoft.com/developer/msbuild/2003">
  <ItemGroup>
    <Filter Include="Source Files">
      <UniqueIdentifier>{4FC737F1-C7A5-4376-A066-2A32D752A2FF}</UniqueIdentifier>
      <Extensions>cpp;cxx;c;def</Extensions>
    </Filter>
    <Filter Include="Header Files">
      <UniqueIdentifier>{93995380-89BD-4b04-88EB-625FBE52EBFB}</UniqueIdentifier>
      <Extensions>h</Extensions>
    </Filter>
    <Filter Include="Form Files">
      <UniqueIdentifier>{99349809-55BA-4b9d-BF79-8FDBB0286EB3}</UniqueIdentifier>
      <Extensions>ui</Extensions>
    </Filter>
    <Filter Include="Resource Files">
      <UniqueIdentifier>{D9D6E242-F8AF-46E4-B9FD-80ECBC20BA3E}</UniqueIdentifier>
      <Extensions>qrc;*</Extensions>
      <ParseFiles>false</ParseFiles>
    </Filter>
    <Filter Include="Generated Files">
      <UniqueIdentifier>{71ED8ED8-ACB9-4CE9-BBE1-E00B30144E11}</UniqueIdentifier>
      <Extensions>moc;h;cpp</Extensions>
      <SourceControlFiles>False</SourceControlFiles>
    </Filter>
    <Filter Include="Generated Files\Debug">
      <UniqueIdentifier>{113db3dd-e44d-43d4-b257-dbec5aa65fa9}</UniqueIdentifier>
      <Extensions>cpp;moc</Extensions>
      <SourceControlFiles>False</SourceControlFiles>
    </Filter>
    <Filter Include="Generated Files\Release">
      <UniqueIdentifier>{75c172dc-a67d-47e9-9b9f-1748a9593544}</UniqueIdentifier>
      <Extensions>cpp;moc</Extensions>
      <SourceControlFiles>False</SourceControlFiles>
    </Filter>
  </ItemGroup>
  <ItemGroup>
    <ClCompile Include="main.cpp">
      <Filter>Source Files</Filter>
    </ClCompile>
    <ClCompile Include="diagramwindow.cpp">
      <Filter>Source Files</Filter>
    </ClCompile>
    <ClCompile Include="GeneratedFiles\Debug\moc_diagramwindow.cpp">
      <Filter>Generated Files\Debug</Filter>
    </ClCompile>
    <ClCompile Include="GeneratedFiles\Release\moc_diagramwindow.cpp">
      <Filter>Generated Files\Release</Filter>
    </ClCompile>
    <ClCompile Include="link.cpp">
      <Filter>Source Files</Filter>
    </ClCompile>
    <ClCompile Include="node.cpp">
      <Filter>Source Files</Filter>
    </ClCompile>
    <ClCompile Include="propertiesdialog.cpp">
      <Filter>Source Files</Filter>
    </ClCompile>
    <ClCompile Include="GeneratedFiles\Debug\moc_propertiesdialog.cpp">
      <Filter>Generated Files\Debug</Filter>
    </ClCompile>
    <ClCompile Include="GeneratedFiles\Release\moc_propertiesdialog.cpp">
      <Filter>Generated Files\Release</Filter>
    </ClCompile>
    <ClCompile Include="GeneratedFiles\qrc_resources.cpp">
      <Filter>Generated Files</Filter>
    </ClCompile>
  </ItemGroup>
  <ItemGroup>
    <CustomBuild Include="diagramwindow.h">
      <Filter>Header Files</Filter>
    </CustomBuild>
    <CustomBuild Include="propertiesdialog.h">
      <Filter>Header Files</Filter>
    </CustomBuild>
    <CustomBuild Include="propertiesdialog.ui">
      <Filter>Form Files</Filter>
    </CustomBuild>
    <CustomBuild Include="resources.qrc">
      <Filter>Resource Files</Filter>
    </CustomBuild>
  </ItemGroup>
  <ItemGroup>
    <ClInclude Include="link.h">
      <Filter>Header Files</Filter>
    </ClInclude>
    <ClInclude Include="node.h">
      <Filter>Header Files</Filter>
    </ClInclude>
    <ClInclude Include="GeneratedFiles\ui_propertiesdialog.h">
      <Filter>Generated Files</Filter>
    </ClInclude>
  </ItemGroup>
  <ItemGroup>
    <None Include="images\bringtofront.png">
      <Filter>Resource Files</Filter>
    </None>
    <None Include="images\colors.png">
      <Filter>Resource Files</Filter>
    </None>
    <None Include="images\copy.png">
      <Filter>Resource Files</Filter>
    </None>
    <None Include="images\cut.png">
      <Filter>Resource Files</Filter>
    </None>
    <None Include="images\delete.png">
      <Filter>Resource Files</Filter>
    </None>
    <None Include="images\link.png">
      <Filter>Resource Files</Filter>
    </None>
    <None Include="images\node.png">
      <Filter>Resource Files</Filter>
    </None>
    <None Include="images\paste.png">
      <Filter>Resource Files</Filter>
    </None>
    <None Include="images\sendtoback.png">
      <Filter>Resource Files</Filter>
    </None>
  </ItemGroup>
</Project>